
Microsoft Visual Studio Solution File, Format Version 12.00
# Visual Studio Version 16
VisualStudioVersion = 16.0.30621.155
MinimumVisualStudioVersion = 10.0.40219.1
Project("{9A19103F-16F7-4668-BE54-9A1E7A4F7556}") = "BlazorApp3.Server", "BlazorApp3\Server\BlazorApp3.Server.csproj", "{D6CD2655-DDC6-44E7-8C6F-988C035C4236}"
EndProject
Project("{9A19103F-16F7-4668-BE54-9A1E7A4F7556}") = "BlazorApp3.Client", "BlazorApp3\Client\BlazorApp3.Client.csproj", "{7D71FA92-2628-4D41-A017-73474917047B}"
EndProject
Project("{9A19103F-16F7-4668-BE54-9A1E7A4F7556}") = "BlazorApp3.Shared", "BlazorApp3\Shared\BlazorApp3.Shared.csproj", "{0B988EA6-DB78-4720-AB31-A8488215B681}"
EndProject
Global
	GlobalSection(SolutionConfigurationPlatforms) = preSolution
		Debug|Any CPU = Debug|Any CPU
		Release|Any CPU = Release|Any CPU
	EndGlobalSection
	GlobalSection(ProjectConfigurationPlatforms) = postSolution
		{D6CD2655-DDC6-44E7-8C6F-988C035C4236}.Debug|Any CPU.ActiveCfg = Debug|Any CPU
		{D6CD2655-DDC6-44E7-8C6F-988C035C4236}.Debug|Any CPU.Build.0 = Debug|Any CPU
		{D6CD2655-DDC6-44E7-8C6F-988C035C4236}.Release|Any CPU.ActiveCfg = Release|Any CPU
		{D6CD2655-DDC6-44E7-8C6F-988C035C4236}.Release|Any CPU.Build.0 = Release|Any CPU
		{7D71FA92-2628-4D41-A017-73474917047B}.Debug|Any CPU.ActiveCfg = Debug|Any CPU
		{7D71FA92-2628-4D41-A017-73474917047B}.Debug|Any CPU.Build.0 = Debug|Any CPU
		{7D71FA92-2628-4D41-A017-73474917047B}.Release|Any CPU.ActiveCfg = Release|Any CPU
		{7D71FA92-2628-4D41-A017-73474917047B}.Release|Any CPU.Build.0 = Release|Any CPU
		{0B988EA6-DB78-4720-AB31-A8488215B681}.Debug|Any CPU.ActiveCfg = Debug|Any CPU
		{0B988EA6-DB78-4720-AB31-A8488215B681}.Debug|Any CPU.Build.0 = Debug|Any CPU
		{0B988EA6-DB78-4720-AB31-A8488215B681}.Release|Any CPU.ActiveCfg = Release|Any CPU
		{0B988EA6-DB78-4720-AB31-A8488215B681}.Release|Any CPU.Build.0 = Release|Any CPU
	EndGlobalSection
	GlobalSection(SolutionProperties) = preSolution
		HideSolutionNode = FALSE
	EndGlobalSection
	GlobalSection(ExtensibilityGlobals) = postSolution
		SolutionGuid = {295A544F-22D9-4D2C-B6CF-FDD6A1D3165E}
	EndGlobalSection
EndGlobal
