
Microsoft Visual Studio Solution File, Format Version 12.00
# Visual Studio Version 16
VisualStudioVersion = 16.0.30611.23
MinimumVisualStudioVersion = 10.0.40219.1
Project("{FAE04EC0-301F-11D3-BF4B-00C04F79EFBC}") = "Rest APIs test", "Rest APIs test.csproj", "{28D28E05-9676-4058-B008-7F0AF4859CC0}"
EndProject
Global
	GlobalSection(SolutionConfigurationPlatforms) = preSolution
		Debug|Any CPU = Debug|Any CPU
		Release|Any CPU = Release|Any CPU
	EndGlobalSection
	GlobalSection(ProjectConfigurationPlatforms) = postSolution
		{28D28E05-9676-4058-B008-7F0AF4859CC0}.Debug|Any CPU.ActiveCfg = Debug|Any CPU
		{28D28E05-9676-4058-B008-7F0AF4859CC0}.Debug|Any CPU.Build.0 = Debug|Any CPU
		{28D28E05-9676-4058-B008-7F0AF4859CC0}.Release|Any CPU.ActiveCfg = Release|Any CPU
		{28D28E05-9676-4058-B008-7F0AF4859CC0}.Release|Any CPU.Build.0 = Release|Any CPU
	EndGlobalSection
	GlobalSection(SolutionProperties) = preSolution
		HideSolutionNode = FALSE
	EndGlobalSection
	GlobalSection(ExtensibilityGlobals) = postSolution
		SolutionGuid = {EB993D28-81A5-4C83-8679-DFEC9F9D1761}
	EndGlobalSection
EndGlobal
