
Microsoft Visual Studio Solution File, Format Version 12.00
# Visual Studio Version 16
VisualStudioVersion = 16.0.30611.23
MinimumVisualStudioVersion = 10.0.40219.1
Project("{FAE04EC0-301F-11D3-BF4B-00C04F79EFBC}") = "EntityEx.Server", "Server\EntityEx.Server.csproj", "{DCD188DE-E583-45A1-815C-B2BFBEDBC18F}"
EndProject
Project("{FAE04EC0-301F-11D3-BF4B-00C04F79EFBC}") = "EntityEx.Client", "Client\EntityEx.Client.csproj", "{C323BFD4-6428-4811-BD1A-EFD436E9C57E}"
EndProject
Project("{FAE04EC0-301F-11D3-BF4B-00C04F79EFBC}") = "EntityEx.Shared", "Shared\EntityEx.Shared.csproj", "{EF54C502-818B-431F-8B30-8D3A416834D8}"
EndProject
Global
	GlobalSection(SolutionConfigurationPlatforms) = preSolution
		Debug|Any CPU = Debug|Any CPU
		Release|Any CPU = Release|Any CPU
	EndGlobalSection
	GlobalSection(ProjectConfigurationPlatforms) = postSolution
		{DCD188DE-E583-45A1-815C-B2BFBEDBC18F}.Debug|Any CPU.ActiveCfg = Debug|Any CPU
		{DCD188DE-E583-45A1-815C-B2BFBEDBC18F}.Debug|Any CPU.Build.0 = Debug|Any CPU
		{DCD188DE-E583-45A1-815C-B2BFBEDBC18F}.Release|Any CPU.ActiveCfg = Release|Any CPU
		{DCD188DE-E583-45A1-815C-B2BFBEDBC18F}.Release|Any CPU.Build.0 = Release|Any CPU
		{C323BFD4-6428-4811-BD1A-EFD436E9C57E}.Debug|Any CPU.ActiveCfg = Debug|Any CPU
		{C323BFD4-6428-4811-BD1A-EFD436E9C57E}.Debug|Any CPU.Build.0 = Debug|Any CPU
		{C323BFD4-6428-4811-BD1A-EFD436E9C57E}.Release|Any CPU.ActiveCfg = Release|Any CPU
		{C323BFD4-6428-4811-BD1A-EFD436E9C57E}.Release|Any CPU.Build.0 = Release|Any CPU
		{EF54C502-818B-431F-8B30-8D3A416834D8}.Debug|Any CPU.ActiveCfg = Debug|Any CPU
		{EF54C502-818B-431F-8B30-8D3A416834D8}.Debug|Any CPU.Build.0 = Debug|Any CPU
		{EF54C502-818B-431F-8B30-8D3A416834D8}.Release|Any CPU.ActiveCfg = Release|Any CPU
		{EF54C502-818B-431F-8B30-8D3A416834D8}.Release|Any CPU.Build.0 = Release|Any CPU
	EndGlobalSection
	GlobalSection(SolutionProperties) = preSolution
		HideSolutionNode = FALSE
	EndGlobalSection
	GlobalSection(ExtensibilityGlobals) = postSolution
		SolutionGuid = {3B3845F4-6DFA-457C-8F75-384A2FDB8AC1}
	EndGlobalSection
EndGlobal
